
Microsoft Visual Studio Solution File, Format Version 12.00
# Visual Studio 15
VisualStudioVersion = 15.0.27703.2026
MinimumVisualStudioVersion = 10.0.40219.1
Project("{FAE04EC0-301F-11D3-BF4B-00C04F79EFBC}") = "WindowsServiceEventViewer", "WindowsServiceEventViewer\WindowsServiceEventViewer.csproj", "{460DE02D-E29A-4D57-AC98-40505BE394FF}"
EndProject
Global
	GlobalSection(SolutionConfigurationPlatforms) = preSolution
		Debug|Any CPU = Debug|Any CPU
		Release|Any CPU = Release|Any CPU
	EndGlobalSection
	GlobalSection(ProjectConfigurationPlatforms) = postSolution
		{460DE02D-E29A-4D57-AC98-40505BE394FF}.Debug|Any CPU.ActiveCfg = Debug|Any CPU
		{460DE02D-E29A-4D57-AC98-40505BE394FF}.Debug|Any CPU.Build.0 = Debug|Any CPU
		{460DE02D-E29A-4D57-AC98-40505BE394FF}.Release|Any CPU.ActiveCfg = Release|Any CPU
		{460DE02D-E29A-4D57-AC98-40505BE394FF}.Release|Any CPU.Build.0 = Release|Any CPU
	EndGlobalSection
	GlobalSection(SolutionProperties) = preSolution
		HideSolutionNode = FALSE
	EndGlobalSection
	GlobalSection(ExtensibilityGlobals) = postSolution
		SolutionGuid = {60C65437-A583-403B-B457-AF644E13270B}
	EndGlobalSection
EndGlobal
